<?xml version="1.0" encoding="utf-8"?>
<Project ToolsVersion="4.0" xmlns="http://schemas.microsoft.com/developer/msbuild/2003">
  <ItemGroup>
    <Filter Include="01. Obj">
      <UniqueIdentifier>{8589aa79-7894-4a6e-8966-64393dae310d}</UniqueIdentifier>
    </Filter>
    <Filter Include="02. Line">
      <UniqueIdentifier>{f01d213b-00b5-404f-a1e7-2b7a636e4a3e}</UniqueIdentifier>
    </Filter>
    <Filter Include="03. Bitmap">
      <UniqueIdentifier>{25134ca8-3bd1-4ec2-9818-2dc01eed28c5}</UniqueIdentifier>
    </Filter>
    <Filter Include="98. Headers">
      <UniqueIdentifier>{3c842fed-564d-4a7f-a12e-a5c551f0e95a}</UniqueIdentifier>
    </Filter>
    <Filter Include="99. Default">
      <UniqueIdentifier>{27f5c47d-c991-47d1-9c5a-20c3fc0154a6}</UniqueIdentifier>
    </Filter>
    <Filter Include="97. Pattern">
      <UniqueIdentifier>{4e59c043-2a45-4036-b89a-49948240949e}</UniqueIdentifier>
    </Filter>
    <Filter Include="04. Scene">
      <UniqueIdentifier>{29e4d12c-3914-4388-bce4-8da313f4bced}</UniqueIdentifier>
    </Filter>
    <Filter Include="96. Manager">
      <UniqueIdentifier>{39b49f89-9e3f-44f0-9716-07125dbdf277}</UniqueIdentifier>
    </Filter>
    <Filter Include="00. MainGame">
      <UniqueIdentifier>{c25aa813-454b-40fb-a70e-f1db9c66a781}</UniqueIdentifier>
    </Filter>
    <Filter Include="01. Obj\00. Obj">
      <UniqueIdentifier>{1d6d3db4-f776-462b-9b1e-e56e59a2f57d}</UniqueIdentifier>
    </Filter>
    <Filter Include="01. Obj\01. Player">
      <UniqueIdentifier>{b17d1f5c-53d8-42d7-91a0-e80dacf58260}</UniqueIdentifier>
    </Filter>
    <Filter Include="04. Scene\00. Scene">
      <UniqueIdentifier>{b2b0e2b4-8a3f-44ee-aba8-12e56ee0f053}</UniqueIdentifier>
    </Filter>
    <Filter Include="04. Scene\01. Logo">
      <UniqueIdentifier>{af185a01-4dfd-4261-a190-8c25370b1a2c}</UniqueIdentifier>
    </Filter>
    <Filter Include="96. Manager\LineMgr">
      <UniqueIdentifier>{bc6325f1-7b4e-4336-b34a-7553924ab354}</UniqueIdentifier>
    </Filter>
    <Filter Include="96. Manager\BitmapMgr">
      <UniqueIdentifier>{9d78ab2b-29fe-4984-8be2-8ca5f0af7f1e}</UniqueIdentifier>
    </Filter>
    <Filter Include="96. Manager\Keymgr">
      <UniqueIdentifier>{d94d01f2-b581-4cf4-9175-8bae910bdaf7}</UniqueIdentifier>
    </Filter>
    <Filter Include="96. Manager\ObjMgr">
      <UniqueIdentifier>{c4882cbe-a6dd-4516-9bc6-969997500057}</UniqueIdentifier>
    </Filter>
    <Filter Include="96. Manager\SceneMgr">
      <UniqueIdentifier>{da13d847-6ff2-47bd-bfb0-bb5dc86f17bf}</UniqueIdentifier>
    </Filter>
    <Filter Include="96. Manager\ScrollMgr">
      <UniqueIdentifier>{3046ab61-e51f-44e4-88db-34768749a6be}</UniqueIdentifier>
    </Filter>
    <Filter Include="01. Obj\Giraffe">
      <UniqueIdentifier>{3bed5c68-ccc3-4236-8d5d-a0bffa07a798}</UniqueIdentifier>
    </Filter>
    <Filter Include="04. Scene\02. Stage">
      <UniqueIdentifier>{42773b38-44c1-4b92-a0a6-41fc68f97f1b}</UniqueIdentifier>
    </Filter>
    <Filter Include="04. Scene\03. LineEditor">
      <UniqueIdentifier>{4123c051-b3cd-429f-bf32-156fe9b6ad29}</UniqueIdentifier>
    </Filter>
    <Filter Include="96. Manager\EditorLineMgr">
      <UniqueIdentifier>{ecc48ef9-575f-4fbc-a24b-c674b36feeff}</UniqueIdentifier>
    </Filter>
    <Filter Include="01. Obj\02. Monster">
      <UniqueIdentifier>{1fab8891-39a1-4eee-8b99-2c223e50f739}</UniqueIdentifier>
    </Filter>
    <Filter Include="01. Obj\03. Item">
      <UniqueIdentifier>{24b4073a-8200-4681-a251-4c106137abb8}</UniqueIdentifier>
    </Filter>
    <Filter Include="01. Obj\04. Map">
      <UniqueIdentifier>{f3dd7694-7672-433f-ad15-f6e449ac2bf0}</UniqueIdentifier>
    </Filter>
    <Filter Include="04. Scene\04. Dead">
      <UniqueIdentifier>{33d7e102-68cf-4751-b738-6303b979dc34}</UniqueIdentifier>
    </Filter>
    <Filter Include="04. Scene\05. Restart">
      <UniqueIdentifier>{d9842d29-cad5-4b61-a2db-3b4589b3e328}</UniqueIdentifier>
    </Filter>
    <Filter Include="01. Obj\05. Cursor">
      <UniqueIdentifier>{a1a807d5-caa6-499a-9e0f-32d0f70bbab9}</UniqueIdentifier>
    </Filter>
    <Filter Include="01. Obj\06. NPC">
      <UniqueIdentifier>{bb34ad9a-6d2c-42c2-ab52-9f43302536f8}</UniqueIdentifier>
    </Filter>
    <Filter Include="01. Obj\07. GRASS_TREE">
      <UniqueIdentifier>{623cada1-77dd-4787-b42e-2f1fd597402c}</UniqueIdentifier>
    </Filter>
    <Filter Include="96. Manager\CollisionMgr">
      <UniqueIdentifier>{0917e1e7-8203-4d74-abce-ccce47d7df4c}</UniqueIdentifier>
    </Filter>
    <Filter Include="96. Manager\SoundMgr">
      <UniqueIdentifier>{19b7d7ca-5943-410c-8f8b-429d4dbb057f}</UniqueIdentifier>
    </Filter>
    <Filter Include="04. Scene\06. Bridge">
      <UniqueIdentifier>{c16ab1bf-e36a-4266-83d2-83f0b874c85b}</UniqueIdentifier>
    </Filter>
    <Filter Include="04. Scene\07. Stage2">
      <UniqueIdentifier>{8391201b-109c-4f2b-a290-617e606f55a3}</UniqueIdentifier>
    </Filter>
  </ItemGroup>
  <ItemGroup>
    <ClInclude Include="Client.h">
      <Filter>99. Default</Filter>
    </ClInclude>
    <ClInclude Include="Resource.h">
      <Filter>99. Default</Filter>
    </ClInclude>
    <ClInclude Include="stdafx.h">
      <Filter>99. Default</Filter>
    </ClInclude>
    <ClInclude Include="targetver.h">
      <Filter>99. Default</Filter>
    </ClInclude>
    <ClInclude Include="AbstractFactory.h">
      <Filter>97. Pattern</Filter>
    </ClInclude>
    <ClInclude Include="Define.h">
      <Filter>98. Headers</Filter>
    </ClInclude>
    <ClInclude Include="Enum.h">
      <Filter>98. Headers</Filter>
    </ClInclude>
    <ClInclude Include="Extern.h">
      <Filter>98. Headers</Filter>
    </ClInclude>
    <ClInclude Include="Function.h">
      <Filter>98. Headers</Filter>
    </ClInclude>
    <ClInclude Include="Struct.h">
      <Filter>98. Headers</Filter>
    </ClInclude>
    <ClInclude Include="Line.h">
      <Filter>02. Line</Filter>
    </ClInclude>
    <ClInclude Include="MainGame.h">
      <Filter>00. MainGame</Filter>
    </ClInclude>
    <ClInclude Include="MyBitmap.h">
      <Filter>03. Bitmap</Filter>
    </ClInclude>
    <ClInclude Include="Typedef.h">
      <Filter>98. Headers</Filter>
    </ClInclude>
    <ClInclude Include="Obj.h">
      <Filter>01. Obj\00. Obj</Filter>
    </ClInclude>
    <ClInclude Include="Player.h">
      <Filter>01. Obj\01. Player</Filter>
    </ClInclude>
    <ClInclude Include="Scene.h">
      <Filter>04. Scene\00. Scene</Filter>
    </ClInclude>
    <ClInclude Include="Logo.h">
      <Filter>04. Scene\01. Logo</Filter>
    </ClInclude>
    <ClInclude Include="BitmapMgr.h">
      <Filter>96. Manager\BitmapMgr</Filter>
    </ClInclude>
    <ClInclude Include="CollisionMgr.h">
      <Filter>96. Manager\CollisionMgr</Filter>
    </ClInclude>
    <ClInclude Include="KeyMgr.h">
      <Filter>96. Manager\Keymgr</Filter>
    </ClInclude>
    <ClInclude Include="LineMgr.h">
      <Filter>96. Manager\LineMgr</Filter>
    </ClInclude>
    <ClInclude Include="ObjMgr.h">
      <Filter>96. Manager\ObjMgr</Filter>
    </ClInclude>
    <ClInclude Include="SceneMgr.h">
      <Filter>96. Manager\SceneMgr</Filter>
    </ClInclude>
    <ClInclude Include="ScrollMgr.h">
      <Filter>96. Manager\ScrollMgr</Filter>
    </ClInclude>
    <ClInclude Include="Giraffe.h">
      <Filter>01. Obj\Giraffe</Filter>
    </ClInclude>
    <ClInclude Include="Stage.h">
      <Filter>04. Scene\02. Stage</Filter>
    </ClInclude>
    <ClInclude Include="LineEditor.h">
      <Filter>04. Scene\03. LineEditor</Filter>
    </ClInclude>
    <ClInclude Include="EditorLineMgr.h">
      <Filter>96. Manager\EditorLineMgr</Filter>
    </ClInclude>
    <ClInclude Include="HedgeHog.h">
      <Filter>01. Obj\02. Monster</Filter>
    </ClInclude>
    <ClInclude Include="Monster.h">
      <Filter>01. Obj\02. Monster</Filter>
    </ClInclude>
    <ClInclude Include="Lizard.h">
      <Filter>01. Obj\02. Monster</Filter>
    </ClInclude>
    <ClInclude Include="Item.h">
      <Filter>01. Obj\03. Item</Filter>
    </ClInclude>
    <ClInclude Include="Vertex.h">
      <Filter>01. Obj\04. Map</Filter>
    </ClInclude>
    <ClInclude Include="Fly.h">
      <Filter>01. Obj\02. Monster</Filter>
    </ClInclude>
    <ClInclude Include="Block.h">
      <Filter>01. Obj\04. Map</Filter>
    </ClInclude>
    <ClInclude Include="VerticalBlocck.h">
      <Filter>01. Obj\04. Map</Filter>
    </ClInclude>
    <ClInclude Include="DeadScene.h">
      <Filter>04. Scene\04. Dead</Filter>
    </ClInclude>
    <ClInclude Include="RestartScene.h">
      <Filter>04. Scene\05. Restart</Filter>
    </ClInclude>
    <ClInclude Include="Cursor.h">
      <Filter>01. Obj\05. Cursor</Filter>
    </ClInclude>
    <ClInclude Include="MonkeyNPC.h">
      <Filter>01. Obj\06. NPC</Filter>
    </ClInclude>
    <ClInclude Include="Grass.h">
      <Filter>01. Obj\07. GRASS_TREE</Filter>
    </ClInclude>
    <ClInclude Include="Hyena.h">
      <Filter>01. Obj\02. Monster</Filter>
    </ClInclude>
    <ClInclude Include="Stage_2.h">
      <Filter>04. Scene\07. Stage2</Filter>
    </ClInclude>
    <ClInclude Include="BridgeScene.h">
      <Filter>04. Scene\06. Bridge</Filter>
    </ClInclude>
  </ItemGroup>
  <ItemGroup>
    <ClCompile Include="Client.cpp">
      <Filter>99. Default</Filter>
    </ClCompile>
    <ClCompile Include="stdafx.cpp">
      <Filter>99. Default</Filter>
    </ClCompile>
    <ClCompile Include="Line.cpp">
      <Filter>02. Line</Filter>
    </ClCompile>
    <ClCompile Include="MainGame.cpp">
      <Filter>00. MainGame</Filter>
    </ClCompile>
    <ClCompile Include="MyBitmap.cpp">
      <Filter>03. Bitmap</Filter>
    </ClCompile>
    <ClCompile Include="Obj.cpp">
      <Filter>01. Obj\00. Obj</Filter>
    </ClCompile>
    <ClCompile Include="Player.cpp">
      <Filter>01. Obj\01. Player</Filter>
    </ClCompile>
    <ClCompile Include="Scene.cpp">
      <Filter>04. Scene\00. Scene</Filter>
    </ClCompile>
    <ClCompile Include="Logo.cpp">
      <Filter>04. Scene\01. Logo</Filter>
    </ClCompile>
    <ClCompile Include="BitmapMgr.cpp">
      <Filter>96. Manager\BitmapMgr</Filter>
    </ClCompile>
    <ClCompile Include="CollisionMgr.cpp">
      <Filter>96. Manager\CollisionMgr</Filter>
    </ClCompile>
    <ClCompile Include="KeyMgr.cpp">
      <Filter>96. Manager\Keymgr</Filter>
    </ClCompile>
    <ClCompile Include="LineMgr.cpp">
      <Filter>96. Manager\LineMgr</Filter>
    </ClCompile>
    <ClCompile Include="ObjMgr.cpp">
      <Filter>96. Manager\ObjMgr</Filter>
    </ClCompile>
    <ClCompile Include="SceneMgr.cpp">
      <Filter>96. Manager\SceneMgr</Filter>
    </ClCompile>
    <ClCompile Include="ScrollMgr.cpp">
      <Filter>96. Manager\ScrollMgr</Filter>
    </ClCompile>
    <ClCompile Include="Giraffe.cpp">
      <Filter>01. Obj\Giraffe</Filter>
    </ClCompile>
    <ClCompile Include="Stage.cpp">
      <Filter>04. Scene\02. Stage</Filter>
    </ClCompile>
    <ClCompile Include="LineEditor.cpp">
      <Filter>04. Scene\03. LineEditor</Filter>
    </ClCompile>
    <ClCompile Include="EditorLineMgr.cpp">
      <Filter>96. Manager\EditorLineMgr</Filter>
    </ClCompile>
    <ClCompile Include="HedgeHog.cpp">
      <Filter>01. Obj\02. Monster</Filter>
    </ClCompile>
    <ClCompile Include="Monster.cpp">
      <Filter>01. Obj\02. Monster</Filter>
    </ClCompile>
    <ClCompile Include="Lizard.cpp">
      <Filter>01. Obj\02. Monster</Filter>
    </ClCompile>
    <ClCompile Include="Item.cpp">
      <Filter>01. Obj\03. Item</Filter>
    </ClCompile>
    <ClCompile Include="Vertex.cpp">
      <Filter>01. Obj\04. Map</Filter>
    </ClCompile>
    <ClCompile Include="Fly.cpp">
      <Filter>01. Obj\02. Monster</Filter>
    </ClCompile>
    <ClCompile Include="Block.cpp">
      <Filter>01. Obj\04. Map</Filter>
    </ClCompile>
    <ClCompile Include="VerticalBlocck.cpp">
      <Filter>01. Obj\04. Map</Filter>
    </ClCompile>
    <ClCompile Include="DeadScene.cpp">
      <Filter>04. Scene\04. Dead</Filter>
    </ClCompile>
    <ClCompile Include="RestartScene.cpp">
      <Filter>04. Scene\05. Restart</Filter>
    </ClCompile>
    <ClCompile Include="Cursor.cpp">
      <Filter>01. Obj\05. Cursor</Filter>
    </ClCompile>
    <ClCompile Include="MonkeyNPC.cpp">
      <Filter>01. Obj\06. NPC</Filter>
    </ClCompile>
    <ClCompile Include="Grass.cpp">
      <Filter>01. Obj\07. GRASS_TREE</Filter>
    </ClCompile>
    <ClCompile Include="Hyena.cpp">
      <Filter>01. Obj\02. Monster</Filter>
    </ClCompile>
    <ClCompile Include="Stage_2.cpp">
      <Filter>04. Scene\07. Stage2</Filter>
    </ClCompile>
    <ClCompile Include="BridgeScene.cpp">
      <Filter>04. Scene\06. Bridge</Filter>
    </ClCompile>
  </ItemGroup>
  <ItemGroup>
    <Image Include="Client.ico">
      <Filter>99. Default</Filter>
    </Image>
    <Image Include="small.ico">
      <Filter>99. Default</Filter>
    </Image>
  </ItemGroup>
  <ItemGroup>
    <ResourceCompile Include="Client.rc">
      <Filter>99. Default</Filter>
    </ResourceCompile>
  </ItemGroup>
  <ItemGroup>
    <Text Include="ReadMe.txt">
      <Filter>99. Default</Filter>
    </Text>
    <Text Include="0429 수업.txt" />
    <Text Include="치트키.txt" />
  </ItemGroup>
</Project>